
Microsoft Visual Studio Solution File, Format Version 12.00
# Visual Studio Version 16
VisualStudioVersion = 16.0.30503.244
MinimumVisualStudioVersion = 10.0.40219.1
Project("{9A19103F-16F7-4668-BE54-9A1E7A4F7556}") = "Filed", "Filed\Filed.csproj", "{5BC93147-DE1A-4772-A7EB-374D56B04F20}"
EndProject
Project("{9A19103F-16F7-4668-BE54-9A1E7A4F7556}") = "Filed.Services", "Filed.Services\Filed.Services.csproj", "{B6416E30-9801-4B46-9D5D-EB1D2A5AFAED}"
EndProject
Project("{FAE04EC0-301F-11D3-BF4B-00C04F79EFBC}") = "Filed.Tests", "Filed.Tests\Filed.Tests.csproj", "{4017F74B-9921-41B2-9DC0-7259EC57B63F}"
EndProject
Global
	GlobalSection(SolutionConfigurationPlatforms) = preSolution
		Debug|Any CPU = Debug|Any CPU
		Release|Any CPU = Release|Any CPU
	EndGlobalSection
	GlobalSection(ProjectConfigurationPlatforms) = postSolution
		{5BC93147-DE1A-4772-A7EB-374D56B04F20}.Debug|Any CPU.ActiveCfg = Debug|Any CPU
		{5BC93147-DE1A-4772-A7EB-374D56B04F20}.Debug|Any CPU.Build.0 = Debug|Any CPU
		{5BC93147-DE1A-4772-A7EB-374D56B04F20}.Release|Any CPU.ActiveCfg = Release|Any CPU
		{5BC93147-DE1A-4772-A7EB-374D56B04F20}.Release|Any CPU.Build.0 = Release|Any CPU
		{B6416E30-9801-4B46-9D5D-EB1D2A5AFAED}.Debug|Any CPU.ActiveCfg = Debug|Any CPU
		{B6416E30-9801-4B46-9D5D-EB1D2A5AFAED}.Debug|Any CPU.Build.0 = Debug|Any CPU
		{B6416E30-9801-4B46-9D5D-EB1D2A5AFAED}.Release|Any CPU.ActiveCfg = Release|Any CPU
		{B6416E30-9801-4B46-9D5D-EB1D2A5AFAED}.Release|Any CPU.Build.0 = Release|Any CPU
		{4017F74B-9921-41B2-9DC0-7259EC57B63F}.Debug|Any CPU.ActiveCfg = Debug|Any CPU
		{4017F74B-9921-41B2-9DC0-7259EC57B63F}.Debug|Any CPU.Build.0 = Debug|Any CPU
		{4017F74B-9921-41B2-9DC0-7259EC57B63F}.Release|Any CPU.ActiveCfg = Release|Any CPU
		{4017F74B-9921-41B2-9DC0-7259EC57B63F}.Release|Any CPU.Build.0 = Release|Any CPU
	EndGlobalSection
	GlobalSection(SolutionProperties) = preSolution
		HideSolutionNode = FALSE
	EndGlobalSection
	GlobalSection(ExtensibilityGlobals) = postSolution
		SolutionGuid = {4FC34ADE-B6CF-4E37-AC3B-1BE788A19388}
	EndGlobalSection
EndGlobal
